
Microsoft Visual Studio Solution File, Format Version 12.00
# Visual Studio 15
VisualStudioVersion = 15.0.27004.2005
MinimumVisualStudioVersion = 10.0.40219.1
Project("{9A19103F-16F7-4668-BE54-9A1E7A4F7556}") = "Minedraft", "Minedraft.csproj", "{4168CBDE-DE5D-467D-BFE9-C68F951976CD}"
EndProject
Global
	GlobalSection(SolutionConfigurationPlatforms) = preSolution
		Debug|Any CPU = Debug|Any CPU
		Release|Any CPU = Release|Any CPU
	EndGlobalSection
	GlobalSection(ProjectConfigurationPlatforms) = postSolution
		{4168CBDE-DE5D-467D-BFE9-C68F951976CD}.Debug|Any CPU.ActiveCfg = Debug|Any CPU
		{4168CBDE-DE5D-467D-BFE9-C68F951976CD}.Debug|Any CPU.Build.0 = Debug|Any CPU
		{4168CBDE-DE5D-467D-BFE9-C68F951976CD}.Release|Any CPU.ActiveCfg = Release|Any CPU
		{4168CBDE-DE5D-467D-BFE9-C68F951976CD}.Release|Any CPU.Build.0 = Release|Any CPU
	EndGlobalSection
	GlobalSection(SolutionProperties) = preSolution
		HideSolutionNode = FALSE
	EndGlobalSection
	GlobalSection(ExtensibilityGlobals) = postSolution
		SolutionGuid = {A31D198A-4061-4629-9D09-B55433E7D484}
	EndGlobalSection
EndGlobal
